
Microsoft Visual Studio Solution File, Format Version 12.00
# Visual Studio Version 17
VisualStudioVersion = 17.9.34714.143
MinimumVisualStudioVersion = 10.0.40219.1
Project("{9A19103F-16F7-4668-BE54-9A1E7A4F7556}") = "Modstockalypse", "Modstockalypse\Modstockalypse.csproj", "{7B756945-0D89-48E0-890D-2FC6B8B0F94A}"
EndProject
Project("{9A19103F-16F7-4668-BE54-9A1E7A4F7556}") = "ToxicRagers", "ToxicRagers\ToxicRagers\ToxicRagers.csproj", "{63EDCCE4-52CD-4EC6-8B09-BEF07210BEEA}"
EndProject
Global
	GlobalSection(SolutionConfigurationPlatforms) = preSolution
		Debug|Any CPU = Debug|Any CPU
		Release|Any CPU = Release|Any CPU
	EndGlobalSection
	GlobalSection(ProjectConfigurationPlatforms) = postSolution
		{7B756945-0D89-48E0-890D-2FC6B8B0F94A}.Debug|Any CPU.ActiveCfg = Debug|Any CPU
		{7B756945-0D89-48E0-890D-2FC6B8B0F94A}.Debug|Any CPU.Build.0 = Debug|Any CPU
		{7B756945-0D89-48E0-890D-2FC6B8B0F94A}.Release|Any CPU.ActiveCfg = Release|Any CPU
		{7B756945-0D89-48E0-890D-2FC6B8B0F94A}.Release|Any CPU.Build.0 = Release|Any CPU
		{63EDCCE4-52CD-4EC6-8B09-BEF07210BEEA}.Debug|Any CPU.ActiveCfg = Debug|Any CPU
		{63EDCCE4-52CD-4EC6-8B09-BEF07210BEEA}.Debug|Any CPU.Build.0 = Debug|Any CPU
		{63EDCCE4-52CD-4EC6-8B09-BEF07210BEEA}.Release|Any CPU.ActiveCfg = Release|Any CPU
		{63EDCCE4-52CD-4EC6-8B09-BEF07210BEEA}.Release|Any CPU.Build.0 = Release|Any CPU
	EndGlobalSection
	GlobalSection(SolutionProperties) = preSolution
		HideSolutionNode = FALSE
	EndGlobalSection
	GlobalSection(ExtensibilityGlobals) = postSolution
		SolutionGuid = {7288C70C-D5EA-400A-ACB7-B8F717BB75D5}
	EndGlobalSection
EndGlobal
